
Microsoft Visual Studio Solution File, Format Version 12.00
# Visual Studio 15
VisualStudioVersion = 15.0.27130.2010
MinimumVisualStudioVersion = 10.0.40219.1
Project("{FAE04EC0-301F-11D3-BF4B-00C04F79EFBC}") = "SocketClient", "SocketClient\SocketClient.csproj", "{1FAF8D72-3D68-4129-9FDD-A45EFDE8E16E}"
EndProject
Global
	GlobalSection(SolutionConfigurationPlatforms) = preSolution
		Debug|Any CPU = Debug|Any CPU
		Release|Any CPU = Release|Any CPU
	EndGlobalSection
	GlobalSection(ProjectConfigurationPlatforms) = postSolution
		{1FAF8D72-3D68-4129-9FDD-A45EFDE8E16E}.Debug|Any CPU.ActiveCfg = Debug|Any CPU
		{1FAF8D72-3D68-4129-9FDD-A45EFDE8E16E}.Debug|Any CPU.Build.0 = Debug|Any CPU
		{1FAF8D72-3D68-4129-9FDD-A45EFDE8E16E}.Release|Any CPU.ActiveCfg = Release|Any CPU
		{1FAF8D72-3D68-4129-9FDD-A45EFDE8E16E}.Release|Any CPU.Build.0 = Release|Any CPU
	EndGlobalSection
	GlobalSection(SolutionProperties) = preSolution
		HideSolutionNode = FALSE
	EndGlobalSection
	GlobalSection(ExtensibilityGlobals) = postSolution
		SolutionGuid = {21525D4E-FFF4-42E3-BE93-41EBEEC1DEA4}
	EndGlobalSection
EndGlobal
